
Microsoft Visual Studio Solution File, Format Version 12.00
# Visual Studio 15
VisualStudioVersion = 15.0.27130.2010
MinimumVisualStudioVersion = 10.0.40219.1
Project("{FAE04EC0-301F-11D3-BF4B-00C04F79EFBC}") = "Kata", "UnitTestProject1\Kata.csproj", "{362881BE-3CBC-4E34-9AB5-C00E8CB5ACAC}"
EndProject
Global
	GlobalSection(SolutionConfigurationPlatforms) = preSolution
		Debug|Any CPU = Debug|Any CPU
		Release|Any CPU = Release|Any CPU
	EndGlobalSection
	GlobalSection(ProjectConfigurationPlatforms) = postSolution
		{362881BE-3CBC-4E34-9AB5-C00E8CB5ACAC}.Debug|Any CPU.ActiveCfg = Debug|Any CPU
		{362881BE-3CBC-4E34-9AB5-C00E8CB5ACAC}.Debug|Any CPU.Build.0 = Debug|Any CPU
		{362881BE-3CBC-4E34-9AB5-C00E8CB5ACAC}.Release|Any CPU.ActiveCfg = Release|Any CPU
		{362881BE-3CBC-4E34-9AB5-C00E8CB5ACAC}.Release|Any CPU.Build.0 = Release|Any CPU
	EndGlobalSection
	GlobalSection(SolutionProperties) = preSolution
		HideSolutionNode = FALSE
	EndGlobalSection
	GlobalSection(ExtensibilityGlobals) = postSolution
		SolutionGuid = {A9C058CE-EFAC-4463-AC55-DE24653341F1}
	EndGlobalSection
EndGlobal
